// !$*UTF8*$!
{
	archiveVersion = 1;
	classes = {
	};
	objectVersion = 46;
	objects = {

/* Begin PBXBuildFile section */
		632BCB501F03242800567C9D /* AppDelegate.swift in Sources */ = {isa = PBXBuildFile; fileRef = 632BCB4F1F03242800567C9D /* AppDelegate.swift */; };
		632BCB521F03242800567C9D /* ViewController.swift in Sources */ = {isa = PBXBuildFile; fileRef = 632BCB511F03242800567C9D /* ViewController.swift */; };
		632BCB551F03242800567C9D /* Main.storyboard in Resources */ = {isa = PBXBuildFile; fileRef = 632BCB531F03242800567C9D /* Main.storyboard */; };
		632BCB571F03242800567C9D /* Assets.xcassets in Resources */ = {isa = PBXBuildFile; fileRef = 632BCB561F03242800567C9D /* Assets.xcassets */; };
		632BCB5A1F03242800567C9D /* LaunchScreen.storyboard in Resources */ = {isa = PBXBuildFile; fileRef = 632BCB581F03242800567C9D /* LaunchScreen.storyboard */; };
		632BCB651F03242800567C9D /* savethekittensTests.swift in Sources */ = {isa = PBXBuildFile; fileRef = 632BCB641F03242800567C9D /* savethekittensTests.swift */; };
		632BCB701F03242800567C9D /* savethekittensUITests.swift in Sources */ = {isa = PBXBuildFile; fileRef = 632BCB6F1F03242800567C9D /* savethekittensUITests.swift */; };
/* End PBXBuildFile section */

/* Begin PBXContainerItemProxy section */
		632BCB611F03242800567C9D /* PBXContainerItemProxy */ = {
			isa = PBXContainerItemProxy;
			containerPortal = 632BCB441F03242800567C9D /* Project object */;
			proxyType = 1;
			remoteGlobalIDString = 632BCB4B1F03242800567C9D;
			remoteInfo = savethekittens;
		};
		632BCB6C1F03242800567C9D /* PBXContainerItemProxy */ = {
			isa = PBXContainerItemProxy;
			containerPortal = 632BCB441F03242800567C9D /* Project object */;
			proxyType = 1;
			remoteGlobalIDString = 632BCB4B1F03242800567C9D;
			remoteInfo = savethekittens;
		};
/* End PBXContainerItemProxy section */

/* Begin PBXFileReference section */
		632BCB4C1F03242800567C9D /* savethekittens.app */ = {isa = PBXFileReference; explicitFileType = wrapper.application; includeInIndex = 0; path = savethekittens.app; sourceTree = BUILT_PRODUCTS_DIR; };
		632BCB4F1F03242800567C9D /* AppDelegate.swift */ = {isa = PBXFileReference; lastKnownFileType = sourcecode.swift; path = AppDelegate.swift; sourceTree = "<group>"; };
		632BCB511F03242800567C9D /* ViewController.swift */ = {isa = PBXFileReference; lastKnownFileType = sourcecode.swift; path = ViewController.swift; sourceTree = "<group>"; };
		632BCB541F03242800567C9D /* Base */ = {isa = PBXFileReference; lastKnownFileType = file.storyboard; name = Base; path = Base.lproj/Main.storyboard; sourceTree = "<group>"; };
		632BCB561F03242800567C9D /* Assets.xcassets */ = {isa = PBXFileReference; lastKnownFileType = folder.assetcatalog; path = Assets.xcassets; sourceTree = "<group>"; };
		632BCB591F03242800567C9D /* Base */ = {isa = PBXFileReference; lastKnownFileType = file.storyboard; name = Base; path = Base.lproj/LaunchScreen.storyboard; sourceTree = "<group>"; };
		632BCB5B1F03242800567C9D /* Info.plist */ = {isa = PBXFileReference; lastKnownFileType = text.plist.xml; path = Info.plist; sourceTree = "<group>"; };
		632BCB601F03242800567C9D /* savethekittensTests.xctest */ = {isa = PBXFileReference; explicitFileType = wrapper.cfbundle; includeInIndex = 0; path = savethekittensTests.xctest; sourceTree = BUILT_PRODUCTS_DIR; };
		632BCB641F03242800567C9D /* savethekittensTests.swift */ = {isa = PBXFileReference; lastKnownFileType = sourcecode.swift; path = savethekittensTests.swift; sourceTree = "<group>"; };
		632BCB661F03242800567C9D /* Info.plist */ = {isa = PBXFileReference; lastKnownFileType = text.plist.xml; path = Info.plist; sourceTree = "<group>"; };
		632BCB6B1F03242800567C9D /* savethekittensUITests.xctest */ = {isa = PBXFileReference; explicitFileType = wrapper.cfbundle; includeInIndex = 0; path = savethekittensUITests.xctest; sourceTree = BUILT_PRODUCTS_DIR; };
		632BCB6F1F03242800567C9D /* savethekittensUITests.swift */ = {isa = PBXFileReference; lastKnownFileType = sourcecode.swift; path = savethekittensUITests.swift; sourceTree = "<group>"; };
		632BCB711F03242800567C9D /* Info.plist */ = {isa = PBXFileReference; lastKnownFileType = text.plist.xml; path = Info.plist; sourceTree = "<group>"; };
/* End PBXFileReference section */

/* Begin PBXFrameworksBuildPhase section */
		632BCB491F03242800567C9D /* Frameworks */ = {
			isa = PBXFrameworksBuildPhase;
			buildActionMask = 2147483647;
			files = (
			);
			runOnlyForDeploymentPostprocessing = 0;
		};
		632BCB5D1F03242800567C9D /* Frameworks */ = {
			isa = PBXFrameworksBuildPhase;
			buildActionMask = 2147483647;
			files = (
			);
			runOnlyForDeploymentPostprocessing = 0;
		};
		632BCB681F03242800567C9D /* Frameworks */ = {
			isa = PBXFrameworksBuildPhase;
			buildActionMask = 2147483647;
			files = (
			);
			runOnlyForDeploymentPostprocessing = 0;
		};
/* End PBXFrameworksBuildPhase section */

/* Begin PBXGroup section */
		632BCB431F03242800567C9D = {
			isa = PBXGroup;
			children = (
				632BCB4E1F03242800567C9D /* savethekittens */,
				632BCB631F03242800567C9D /* savethekittensTests */,
				632BCB6E1F03242800567C9D /* savethekittensUITests */,
				632BCB4D1F03242800567C9D /* Products */,
			);
			sourceTree = "<group>";
		};
		632BCB4D1F03242800567C9D /* Products */ = {
			isa = PBXGroup;
			children = (
				632BCB4C1F03242800567C9D /* savethekittens.app */,
				632BCB601F03242800567C9D /* savethekittensTests.xctest */,
				632BCB6B1F03242800567C9D /* savethekittensUITests.xctest */,
			);
			name = Products;
			sourceTree = "<group>";
		};
		632BCB4E1F03242800567C9D /* savethekittens */ = {
			isa = PBXGroup;
			children = (
				632BCB4F1F03242800567C9D /* AppDelegate.swift */,
				632BCB511F03242800567C9D /* ViewController.swift */,
				632BCB531F03242800567C9D /* Main.storyboard */,
				632BCB561F03242800567C9D /* Assets.xcassets */,
				632BCB581F03242800567C9D /* LaunchScreen.storyboard */,
				632BCB5B1F03242800567C9D /* Info.plist */,
			);
			path = savethekittens;
			sourceTree = "<group>";
		};
		632BCB631F03242800567C9D /* savethekittensTests */ = {
			isa = PBXGroup;
			children = (
				632BCB641F03242800567C9D /* savethekittensTests.swift */,
				632BCB661F03242800567C9D /* Info.plist */,
			);
			path = savethekittensTests;
			sourceTree = "<group>";
		};
		632BCB6E1F03242800567C9D /* savethekittensUITests */ = {
			isa = PBXGroup;
			children = (
				632BCB6F1F03242800567C9D /* savethekittensUITests.swift */,
				632BCB711F03242800567C9D /* Info.plist */,
			);
			path = savethekittensUITests;
			sourceTree = "<group>";
		};
/* End PBXGroup section */

/* Begin PBXNativeTarget section */
		632BCB4B1F03242800567C9D /* savethekittens */ = {
			isa = PBXNativeTarget;
			buildConfigurationList = 632BCB741F03242800567C9D /* Build configuration list for PBXNativeTarget "savethekittens" */;
			buildPhases = (
				632BCB481F03242800567C9D /* Sources */,
				632BCB491F03242800567C9D /* Frameworks */,
				632BCB4A1F03242800567C9D /* Resources */,
			);
			buildRules = (
			);
			dependencies = (
			);
			name = savethekittens;
			productName = savethekittens;
			productReference = 632BCB4C1F03242800567C9D /* savethekittens.app */;
			productType = "com.apple.product-type.application";
		};
		632BCB5F1F03242800567C9D /* savethekittensTests */ = {
			isa = PBXNativeTarget;
			buildConfigurationList = 632BCB771F03242800567C9D /* Build configuration list for PBXNativeTarget "savethekittensTests" */;
			buildPhases = (
				632BCB5C1F03242800567C9D /* Sources */,
				632BCB5D1F03242800567C9D /* Frameworks */,
				632BCB5E1F03242800567C9D /* Resources */,
			);
			buildRules = (
			);
			dependencies = (
				632BCB621F03242800567C9D /* PBXTargetDependency */,
			);
			name = savethekittensTests;
			productName = savethekittensTests;
			productReference = 632BCB601F03242800567C9D /* savethekittensTests.xctest */;
			productType = "com.apple.product-type.bundle.unit-test";
		};
		632BCB6A1F03242800567C9D /* savethekittensUITests */ = {
			isa = PBXNativeTarget;
			buildConfigurationList = 632BCB7A1F03242800567C9D /* Build configuration list for PBXNativeTarget "savethekittensUITests" */;
			buildPhases = (
				632BCB671F03242800567C9D /* Sources */,
				632BCB681F03242800567C9D /* Frameworks */,
				632BCB691F03242800567C9D /* Resources */,
			);
			buildRules = (
			);
			dependencies = (
				632BCB6D1F03242800567C9D /* PBXTargetDependency */,
			);
			name = savethekittensUITests;
			productName = savethekittensUITests;
			productReference = 632BCB6B1F03242800567C9D /* savethekittensUITests.xctest */;
			productType = "com.apple.product-type.bundle.ui-testing";
		};
/* End PBXNativeTarget section */

/* Begin PBXProject section */
		632BCB441F03242800567C9D /* Project object */ = {
			isa = PBXProject;
			attributes = {
				LastSwiftUpdateCheck = 0820;
				LastUpgradeCheck = 0820;
				ORGANIZATIONNAME = Macuser;
				TargetAttributes = {
					632BCB4B1F03242800567C9D = {
						CreatedOnToolsVersion = 8.2.1;
						ProvisioningStyle = Automatic;
					};
					632BCB5F1F03242800567C9D = {
						CreatedOnToolsVersion = 8.2.1;
						ProvisioningStyle = Automatic;
						TestTargetID = 632BCB4B1F03242800567C9D;
					};
					632BCB6A1F03242800567C9D = {
						CreatedOnToolsVersion = 8.2.1;
						ProvisioningStyle = Automatic;
						TestTargetID = 632BCB4B1F03242800567C9D;
					};
				};
			};
			buildConfigurationList = 632BCB471F03242800567C9D /* Build configuration list for PBXProject "savethekittens" */;
			compatibilityVersion = "Xcode 3.2";
			developmentRegion = English;
			hasScannedForEncodings = 0;
			knownRegions = (
				en,
				Base,
			);
			mainGroup = 632BCB431F03242800567C9D;
			productRefGroup = 632BCB4D1F03242800567C9D /* Products */;
			projectDirPath = "";
			projectRoot = "";
			targets = (
				632BCB4B1F03242800567C9D /* savethekittens */,
				632BCB5F1F03242800567C9D /* savethekittensTests */,
				632BCB6A1F03242800567C9D /* savethekittensUITests */,
			);
		};
/* End PBXProject section */

/* Begin PBXResourcesBuildPhase section */
		632BCB4A1F03242800567C9D /* Resources */ = {
			isa = PBXResourcesBuildPhase;
			buildActionMask = 2147483647;
			files = (
				632BCB5A1F03242800567C9D /* LaunchScreen.storyboard in Resources */,
				632BCB571F03242800567C9D /* Assets.xcassets in Resources */,
				632BCB551F03242800567C9D /* Main.storyboard in Resources */,
			);
			runOnlyForDeploymentPostprocessing = 0;
		};
		632BCB5E1F03242800567C9D /* Resources */ = {
			isa = PBXResourcesBuildPhase;
			buildActionMask = 2147483647;
			files = (
			);
			runOnlyForDeploymentPostprocessing = 0;
		};
		632BCB691F03242800567C9D /* Resources */ = {
			isa = PBXResourcesBuildPhase;
			buildActionMask = 2147483647;
			files = (
			);
			runOnlyForDeploymentPostprocessing = 0;
		};
/* End PBXResourcesBuildPhase section */

/* Begin PBXSourcesBuildPhase section */
		632BCB481F03242800567C9D /* Sources */ = {
			isa = PBXSourcesBuildPhase;
			buildActionMask = 2147483647;
			files = (
				632BCB521F03242800567C9D /* ViewController.swift in Sources */,
				632BCB501F03242800567C9D /* AppDelegate.swift in Sources */,
			);
			runOnlyForDeploymentPostprocessing = 0;
		};
		632BCB5C1F03242800567C9D /* Sources */ = {
			isa = PBXSourcesBuildPhase;
			buildActionMask = 2147483647;
			files = (
				632BCB651F03242800567C9D /* savethekittensTests.swift in Sources */,
			);
			runOnlyForDeploymentPostprocessing = 0;
		};
		632BCB671F03242800567C9D /* Sources */ = {
			isa = PBXSourcesBuildPhase;
			buildActionMask = 2147483647;
			files = (
				632BCB701F03242800567C9D /* savethekittensUITests.swift in Sources */,
			);
			runOnlyForDeploymentPostprocessing = 0;
		};
/* End PBXSourcesBuildPhase section */

/* Begin PBXTargetDependency section */
		632BCB621F03242800567C9D /* PBXTargetDependency */ = {
			isa = PBXTargetDependency;
			target = 632BCB4B1F03242800567C9D /* savethekittens */;
			targetProxy = 632BCB611F03242800567C9D /* PBXContainerItemProxy */;
		};
		632BCB6D1F03242800567C9D /* PBXTargetDependency */ = {
			isa = PBXTargetDependency;
			target = 632BCB4B1F03242800567C9D /* savethekittens */;
			targetProxy = 632BCB6C1F03242800567C9D /* PBXContainerItemProxy */;
		};
/* End PBXTargetDependency section */

/* Begin PBXVariantGroup section */
		632BCB531F03242800567C9D /* Main.storyboard */ = {
			isa = PBXVariantGroup;
			children = (
				632BCB541F03242800567C9D /* Base */,
			);
			name = Main.storyboard;
			sourceTree = "<group>";
		};
		632BCB581F03242800567C9D /* LaunchScreen.storyboard */ = {
			isa = PBXVariantGroup;
			children = (
				632BCB591F03242800567C9D /* Base */,
			);
			name = LaunchScreen.storyboard;
			sourceTree = "<group>";
		};
/* End PBXVariantGroup section */

/* Begin XCBuildConfiguration section */
		632BCB721F03242800567C9D /* Debug */ = {
			isa = XCBuildConfiguration;
			buildSettings = {
				ALWAYS_SEARCH_USER_PATHS = NO;
				CLANG_ANALYZER_NONNULL = YES;
				CLANG_CXX_LANGUAGE_STANDARD = "gnu++0x";
				CLANG_CXX_LIBRARY = "libc++";
				CLANG_ENABLE_MODULES = YES;
				CLANG_ENABLE_OBJC_ARC = YES;
				CLANG_WARN_BOOL_CONVERSION = YES;
				CLANG_WARN_CONSTANT_CONVERSION = YES;
				CLANG_WARN_DIRECT_OBJC_ISA_USAGE = YES_ERROR;
				CLANG_WARN_DOCUMENTATION_COMMENTS = YES;
				CLANG_WARN_EMPTY_BODY = YES;
				CLANG_WARN_ENUM_CONVERSION = YES;
				CLANG_WARN_INFINITE_RECURSION = YES;
				CLANG_WARN_INT_CONVERSION = YES;
				CLANG_WARN_OBJC_ROOT_CLASS = YES_ERROR;
				CLANG_WARN_SUSPICIOUS_MOVE = YES;
				CLANG_WARN_UNREACHABLE_CODE = YES;
				CLANG_WARN__DUPLICATE_METHOD_MATCH = YES;
				"CODE_SIGN_IDENTITY[sdk=iphoneos*]" = "iPhone Developer";
				COPY_PHASE_STRIP = NO;
				DEBUG_INFORMATION_FORMAT = dwarf;
				ENABLE_STRICT_OBJC_MSGSEND = YES;
				ENABLE_TESTABILITY = YES;
				GCC_C_LANGUAGE_STANDARD = gnu99;
				GCC_DYNAMIC_NO_PIC = NO;
				GCC_NO_COMMON_BLOCKS = YES;
				GCC_OPTIMIZATION_LEVEL = 0;
				GCC_PREPROCESSOR_DEFINITIONS = (
					"DEBUG=1",
					"$(inherited)",
				);
				GCC_WARN_64_TO_32_BIT_CONVERSION = YES;
				GCC_WARN_ABOUT_RETURN_TYPE = YES_ERROR;
				GCC_WARN_UNDECLARED_SELECTOR = YES;
				GCC_WARN_UNINITIALIZED_AUTOS = YES_AGGRESSIVE;
				GCC_WARN_UNUSED_FUNCTION = YES;
				GCC_WARN_UNUSED_VARIABLE = YES;
				IPHONEOS_DEPLOYMENT_TARGET = 10.2;
				MTL_ENABLE_DEBUG_INFO = YES;
				ONLY_ACTIVE_ARCH = YES;
				SDKROOT = iphoneos;
				SWIFT_ACTIVE_COMPILATION_CONDITIONS = DEBUG;
				SWIFT_OPTIMIZATION_LEVEL = "-Onone";
				TARGETED_DEVICE_FAMILY = "1,2";
			};
			name = Debug;
		};
		632BCB731F03242800567C9D /* Release */ = {
			isa = XCBuildConfiguration;
			buildSettings = {
				ALWAYS_SEARCH_USER_PATHS = NO;
				CLANG_ANALYZER_NONNULL = YES;
				CLANG_CXX_LANGUAGE_STANDARD = "gnu++0x";
				CLANG_CXX_LIBRARY = "libc++";
				CLANG_ENABLE_MODULES = YES;
				CLANG_ENABLE_OBJC_ARC = YES;
				CLANG_WARN_BOOL_CONVERSION = YES;
				CLANG_WARN_CONSTANT_CONVERSION = YES;
				CLANG_WARN_DIRECT_OBJC_ISA_USAGE = YES_ERROR;
				CLANG_WARN_DOCUMENTATION_COMMENTS = YES;
				CLANG_WARN_EMPTY_BODY = YES;
				CLANG_WARN_ENUM_CONVERSION = YES;
				CLANG_WARN_INFINITE_RECURSION = YES;
				CLANG_WARN_INT_CONVERSION = YES;
				CLANG_WARN_OBJC_ROOT_CLASS = YES_ERROR;
				CLANG_WARN_SUSPICIOUS_MOVE = YES;
				CLANG_WARN_UNREACHABLE_CODE = YES;
				CLANG_WARN__DUPLICATE_METHOD_MATCH = YES;
				"CODE_SIGN_IDENTITY[sdk=iphoneos*]" = "iPhone Developer";
				COPY_PHASE_STRIP = NO;
				DEBUG_INFORMATION_FORMAT = "dwarf-with-dsym";
				ENABLE_NS_ASSERTIONS = NO;
				ENABLE_STRICT_OBJC_MSGSEND = YES;
				GCC_C_LANGUAGE_STANDARD = gnu99;
				GCC_NO_COMMON_BLOCKS = YES;
				GCC_WARN_64_TO_32_BIT_CONVERSION = YES;
				GCC_WARN_ABOUT_RETURN_TYPE = YES_ERROR;
				GCC_WARN_UNDECLARED_SELECTOR = YES;
				GCC_WARN_UNINITIALIZED_AUTOS = YES_AGGRESSIVE;
				GCC_WARN_UNUSED_FUNCTION = YES;
				GCC_WARN_UNUSED_VARIABLE = YES;
				IPHONEOS_DEPLOYMENT_TARGET = 10.2;
				MTL_ENABLE_DEBUG_INFO = NO;
				SDKROOT = iphoneos;
				SWIFT_OPTIMIZATION_LEVEL = "-Owholemodule";
				TARGETED_DEVICE_FAMILY = "1,2";
				VALIDATE_PRODUCT = YES;
			};
			name = Release;
		};
		632BCB751F03242800567C9D /* Debug */ = {
			isa = XCBuildConfiguration;
			buildSettings = {
				ASSETCATALOG_COMPILER_APPICON_NAME = AppIcon;
				INFOPLIST_FILE = savethekittens/Info.plist;
				LD_RUNPATH_SEARCH_PATHS = "$(inherited) @executable_path/Frameworks";
				PRODUCT_BUNDLE_IDENTIFIER = dmayesuk.savethekittens;
				PRODUCT_NAME = "$(TARGET_NAME)";
				SWIFT_VERSION = 3.0;
			};
			name = Debug;
		};
		632BCB761F03242800567C9D /* Release */ = {
			isa = XCBuildConfiguration;
			buildSettings = {
				ASSETCATALOG_COMPILER_APPICON_NAME = AppIcon;
				INFOPLIST_FILE = savethekittens/Info.plist;
				LD_RUNPATH_SEARCH_PATHS = "$(inherited) @executable_path/Frameworks";
				PRODUCT_BUNDLE_IDENTIFIER = dmayesuk.savethekittens;
				PRODUCT_NAME = "$(TARGET_NAME)";
				SWIFT_VERSION = 3.0;
			};
			name = Release;
		};
		632BCB781F03242800567C9D /* Debug */ = {
			isa = XCBuildConfiguration;
			buildSettings = {
				ALWAYS_EMBED_SWIFT_STANDARD_LIBRARIES = YES;
				BUNDLE_LOADER = "$(TEST_HOST)";
				INFOPLIST_FILE = savethekittensTests/Info.plist;
				LD_RUNPATH_SEARCH_PATHS = "$(inherited) @executable_path/Frameworks @loader_path/Frameworks";
				PRODUCT_BUNDLE_IDENTIFIER = dmayesuk.savethekittensTests;
				PRODUCT_NAME = "$(TARGET_NAME)";
				SWIFT_VERSION = 3.0;
				TEST_HOST = "$(BUILT_PRODUCTS_DIR)/savethekittens.app/savethekittens";
			};
			name = Debug;
		};
		632BCB791F03242800567C9D /* Release */ = {
			isa = XCBuildConfiguration;
			buildSettings = {
				ALWAYS_EMBED_SWIFT_STANDARD_LIBRARIES = YES;
				BUNDLE_LOADER = "$(TEST_HOST)";
				INFOPLIST_FILE = savethekittensTests/Info.plist;
				LD_RUNPATH_SEARCH_PATHS = "$(inherited) @executable_path/Frameworks @loader_path/Frameworks";
				PRODUCT_BUNDLE_IDENTIFIER = dmayesuk.savethekittensTests;
				PRODUCT_NAME = "$(TARGET_NAME)";
				SWIFT_VERSION = 3.0;
				TEST_HOST = "$(BUILT_PRODUCTS_DIR)/savethekittens.app/savethekittens";
			};
			name = Release;
		};
		632BCB7B1F03242800567C9D /* Debug */ = {
			isa = XCBuildConfiguration;
			buildSettings = {
				ALWAYS_EMBED_SWIFT_STANDARD_LIBRARIES = YES;
				INFOPLIST_FILE = savethekittensUITests/Info.plist;
				LD_RUNPATH_SEARCH_PATHS = "$(inherited) @executable_path/Frameworks @loader_path/Frameworks";
				PRODUCT_BUNDLE_IDENTIFIER = dmayesuk.savethekittensUITests;
				PRODUCT_NAME = "$(TARGET_NAME)";
				SWIFT_VERSION = 3.0;
				TEST_TARGET_NAME = savethekittens;
			};
			name = Debug;
		};
		632BCB7C1F03242800567C9D /* Release */ = {
			isa = XCBuildConfiguration;
			buildSettings = {
				ALWAYS_EMBED_SWIFT_STANDARD_LIBRARIES = YES;
				INFOPLIST_FILE = savethekittensUITests/Info.plist;
				LD_RUNPATH_SEARCH_PATHS = "$(inherited) @executable_path/Frameworks @loader_path/Frameworks";
				PRODUCT_BUNDLE_IDENTIFIER = dmayesuk.savethekittensUITests;
				PRODUCT_NAME = "$(TARGET_NAME)";
				SWIFT_VERSION = 3.0;
				TEST_TARGET_NAME = savethekittens;
			};
			name = Release;
		};
/* End XCBuildConfiguration section */

/* Begin XCConfigurationList section */
		632BCB471F03242800567C9D /* Build configuration list for PBXProject "savethekittens" */ = {
			isa = XCConfigurationList;
			buildConfigurations = (
				632BCB721F03242800567C9D /* Debug */,
				632BCB731F03242800567C9D /* Release */,
			);
			defaultConfigurationIsVisible = 0;
			defaultConfigurationName = Release;
		};
		632BCB741F03242800567C9D /* Build configuration list for PBXNativeTarget "savethekittens" */ = {
			isa = XCConfigurationList;
			buildConfigurations = (
				632BCB751F03242800567C9D /* Debug */,
				632BCB761F03242800567C9D /* Release */,
			);
			defaultConfigurationIsVisible = 0;
		};
		632BCB771F03242800567C9D /* Build configuration list for PBXNativeTarget "savethekittensTests" */ = {
			isa = XCConfigurationList;
			buildConfigurations = (
				632BCB781F03242800567C9D /* Debug */,
				632BCB791F03242800567C9D /* Release */,
			);
			defaultConfigurationIsVisible = 0;
		};
		632BCB7A1F03242800567C9D /* Build configuration list for PBXNativeTarget "savethekittensUITests" */ = {
			isa = XCConfigurationList;
			buildConfigurations = (
				632BCB7B1F03242800567C9D /* Debug */,
				632BCB7C1F03242800567C9D /* Release */,
			);
			defaultConfigurationIsVisible = 0;
		};
/* End XCConfigurationList section */
	};
	rootObject = 632BCB441F03242800567C9D /* Project object */;
}
